
Microsoft Visual Studio Solution File, Format Version 12.00
# Visual Studio Version 17
VisualStudioVersion = 17.3.32804.467
MinimumVisualStudioVersion = 10.0.40219.1
Project("{FAE04EC0-301F-11D3-BF4B-00C04F79EFBC}") = "HelloWorldMvc", "HelloWorldMvc\HelloWorldMvc.csproj", "{16724728-5A67-4ACC-9611-4EF783A13AA8}"
EndProject
Project("{FAE04EC0-301F-11D3-BF4B-00C04F79EFBC}") = "Core", "Core\Core.csproj", "{1C566E75-8BE8-4E99-A566-1C5504B9F407}"
EndProject
Project("{FAE04EC0-301F-11D3-BF4B-00C04F79EFBC}") = "Data", "Data\Data.csproj", "{F1EE9EA1-8601-4348-BECB-E7196AD3A30F}"
EndProject
Global
	GlobalSection(SolutionConfigurationPlatforms) = preSolution
		Debug|Any CPU = Debug|Any CPU
		Release|Any CPU = Release|Any CPU
	EndGlobalSection
	GlobalSection(ProjectConfigurationPlatforms) = postSolution
		{16724728-5A67-4ACC-9611-4EF783A13AA8}.Debug|Any CPU.ActiveCfg = Debug|Any CPU
		{16724728-5A67-4ACC-9611-4EF783A13AA8}.Debug|Any CPU.Build.0 = Debug|Any CPU
		{16724728-5A67-4ACC-9611-4EF783A13AA8}.Release|Any CPU.ActiveCfg = Release|Any CPU
		{16724728-5A67-4ACC-9611-4EF783A13AA8}.Release|Any CPU.Build.0 = Release|Any CPU
		{1C566E75-8BE8-4E99-A566-1C5504B9F407}.Debug|Any CPU.ActiveCfg = Debug|Any CPU
		{1C566E75-8BE8-4E99-A566-1C5504B9F407}.Debug|Any CPU.Build.0 = Debug|Any CPU
		{1C566E75-8BE8-4E99-A566-1C5504B9F407}.Release|Any CPU.ActiveCfg = Release|Any CPU
		{1C566E75-8BE8-4E99-A566-1C5504B9F407}.Release|Any CPU.Build.0 = Release|Any CPU
		{F1EE9EA1-8601-4348-BECB-E7196AD3A30F}.Debug|Any CPU.ActiveCfg = Debug|Any CPU
		{F1EE9EA1-8601-4348-BECB-E7196AD3A30F}.Debug|Any CPU.Build.0 = Debug|Any CPU
		{F1EE9EA1-8601-4348-BECB-E7196AD3A30F}.Release|Any CPU.ActiveCfg = Release|Any CPU
		{F1EE9EA1-8601-4348-BECB-E7196AD3A30F}.Release|Any CPU.Build.0 = Release|Any CPU
	EndGlobalSection
	GlobalSection(SolutionProperties) = preSolution
		HideSolutionNode = FALSE
	EndGlobalSection
	GlobalSection(ExtensibilityGlobals) = postSolution
		SolutionGuid = {BB477D67-EA6B-4D6C-B30B-40F135020A2E}
	EndGlobalSection
EndGlobal
